
Microsoft Visual Studio Solution File, Format Version 12.00
# Visual Studio Version 16
VisualStudioVersion = 16.0.31624.102
MinimumVisualStudioVersion = 10.0.40219.1
Project("{FAE04EC0-301F-11D3-BF4B-00C04F79EFBC}") = "TextEditor", "TextEditor.csproj", "{AC9609D9-8EC9-453F-AB8A-8158DA4D5B86}"
EndProject
Global
	GlobalSection(SolutionConfigurationPlatforms) = preSolution
		Debug|Any CPU = Debug|Any CPU
		Release|Any CPU = Release|Any CPU
	EndGlobalSection
	GlobalSection(ProjectConfigurationPlatforms) = postSolution
		{AC9609D9-8EC9-453F-AB8A-8158DA4D5B86}.Debug|Any CPU.ActiveCfg = Debug|Any CPU
		{AC9609D9-8EC9-453F-AB8A-8158DA4D5B86}.Debug|Any CPU.Build.0 = Debug|Any CPU
		{AC9609D9-8EC9-453F-AB8A-8158DA4D5B86}.Release|Any CPU.ActiveCfg = Release|Any CPU
		{AC9609D9-8EC9-453F-AB8A-8158DA4D5B86}.Release|Any CPU.Build.0 = Release|Any CPU
	EndGlobalSection
	GlobalSection(SolutionProperties) = preSolution
		HideSolutionNode = FALSE
	EndGlobalSection
	GlobalSection(ExtensibilityGlobals) = postSolution
		SolutionGuid = {0CDC40C4-B622-4D56-ABEE-CA4FB9B50A64}
	EndGlobalSection
EndGlobal
